
Microsoft Visual Studio Solution File, Format Version 12.00
# Visual Studio Version 17
VisualStudioVersion = 17.14.36518.9 d17.14
MinimumVisualStudioVersion = 10.0.40219.1
Project("{FAE04EC0-301F-11D3-BF4B-00C04F79EFBC}") = "oop-assignment-1-2025-75428", "oop-assignment-1-2025-75428\oop-assignment-1-2025-75428.csproj", "{5B79F8E9-C6E4-4F50-8DEB-1D0280F7BB27}"
EndProject
Project("{FAE04EC0-301F-11D3-BF4B-00C04F79EFBC}") = "TestProject1", "TestProject1\TestProject1.csproj", "{555993F5-89A3-42D0-8E6C-5C793563F66B}"
EndProject
Global
	GlobalSection(SolutionConfigurationPlatforms) = preSolution
		Debug|Any CPU = Debug|Any CPU
		Release|Any CPU = Release|Any CPU
	EndGlobalSection
	GlobalSection(ProjectConfigurationPlatforms) = postSolution
		{5B79F8E9-C6E4-4F50-8DEB-1D0280F7BB27}.Debug|Any CPU.ActiveCfg = Debug|Any CPU
		{5B79F8E9-C6E4-4F50-8DEB-1D0280F7BB27}.Debug|Any CPU.Build.0 = Debug|Any CPU
		{5B79F8E9-C6E4-4F50-8DEB-1D0280F7BB27}.Release|Any CPU.ActiveCfg = Release|Any CPU
		{5B79F8E9-C6E4-4F50-8DEB-1D0280F7BB27}.Release|Any CPU.Build.0 = Release|Any CPU
		{555993F5-89A3-42D0-8E6C-5C793563F66B}.Debug|Any CPU.ActiveCfg = Debug|Any CPU
		{555993F5-89A3-42D0-8E6C-5C793563F66B}.Debug|Any CPU.Build.0 = Debug|Any CPU
		{555993F5-89A3-42D0-8E6C-5C793563F66B}.Release|Any CPU.ActiveCfg = Release|Any CPU
		{555993F5-89A3-42D0-8E6C-5C793563F66B}.Release|Any CPU.Build.0 = Release|Any CPU
	EndGlobalSection
	GlobalSection(SolutionProperties) = preSolution
		HideSolutionNode = FALSE
	EndGlobalSection
	GlobalSection(ExtensibilityGlobals) = postSolution
		SolutionGuid = {FE023DEE-0ADF-49CB-9B49-8EE7CAE3641E}
	EndGlobalSection
EndGlobal
